// !$*UTF8*$!
{
	archiveVersion = 1;
	classes = {
	};
	objectVersion = 52;
	objects = {

/* Begin PBXBuildFile section */
		8B15E5DC2791AD2F007CAC7D /* AppDelegate.swift in Sources */ = {isa = PBXBuildFile; fileRef = 8B15E5DB2791AD2F007CAC7D /* AppDelegate.swift */; };
		8B15E5DE2791AD2F007CAC7D /* SceneDelegate.swift in Sources */ = {isa = PBXBuildFile; fileRef = 8B15E5DD2791AD2F007CAC7D /* SceneDelegate.swift */; };
		8B15E5E52791AD31007CAC7D /* Assets.xcassets in Resources */ = {isa = PBXBuildFile; fileRef = 8B15E5E42791AD31007CAC7D /* Assets.xcassets */; };
		8B15E5E82791AD31007CAC7D /* LaunchScreen.storyboard in Resources */ = {isa = PBXBuildFile; fileRef = 8B15E5E62791AD31007CAC7D /* LaunchScreen.storyboard */; };
		8B15E5F72791B20C007CAC7D /* Moya in Frameworks */ = {isa = PBXBuildFile; productRef = 8B15E5F62791B20C007CAC7D /* Moya */; };
		8B15E6102791B6E4007CAC7D /* MovieDetailsViewModel.swift in Sources */ = {isa = PBXBuildFile; fileRef = 8B15E6052791B6E4007CAC7D /* MovieDetailsViewModel.swift */; };
		8B15E6112791B6E4007CAC7D /* MoviesListViewModel.swift in Sources */ = {isa = PBXBuildFile; fileRef = 8B15E6062791B6E4007CAC7D /* MoviesListViewModel.swift */; };
		8B15E6122791B6E4007CAC7D /* MoviesListModel.swift in Sources */ = {isa = PBXBuildFile; fileRef = 8B15E6082791B6E4007CAC7D /* MoviesListModel.swift */; };
		8B15E6132791B6E4007CAC7D /* MoviesListViewController.swift in Sources */ = {isa = PBXBuildFile; fileRef = 8B15E60A2791B6E4007CAC7D /* MoviesListViewController.swift */; };
		8B15E6142791B6E4007CAC7D /* MovieDetailsViewController.swift in Sources */ = {isa = PBXBuildFile; fileRef = 8B15E60B2791B6E4007CAC7D /* MovieDetailsViewController.swift */; };
		8B15E6152791B6E4007CAC7D /* MovieTableViewCell.swift in Sources */ = {isa = PBXBuildFile; fileRef = 8B15E60C2791B6E4007CAC7D /* MovieTableViewCell.swift */; };
		8B15E6162791B6E4007CAC7D /* MovieTableViewCell.xib in Resources */ = {isa = PBXBuildFile; fileRef = 8B15E60D2791B6E4007CAC7D /* MovieTableViewCell.xib */; };
		8B15E6172791B6E4007CAC7D /* Main.storyboard in Resources */ = {isa = PBXBuildFile; fileRef = 8B15E60E2791B6E4007CAC7D /* Main.storyboard */; };
		8B15E61C2791B6FE007CAC7D /* MoviesAPI.swift in Sources */ = {isa = PBXBuildFile; fileRef = 8B15E6192791B6FE007CAC7D /* MoviesAPI.swift */; };
		8B15E61D2791B6FE007CAC7D /* NetworkableProtocol.swift in Sources */ = {isa = PBXBuildFile; fileRef = 8B15E61A2791B6FE007CAC7D /* NetworkableProtocol.swift */; };
		8B15E61E2791B6FE007CAC7D /* NetworkManager.swift in Sources */ = {isa = PBXBuildFile; fileRef = 8B15E61B2791B6FE007CAC7D /* NetworkManager.swift */; };
		8B15E6222791B70E007CAC7D /* Constants.swift in Sources */ = {isa = PBXBuildFile; fileRef = 8B15E6202791B70E007CAC7D /* Constants.swift */; };
		8B15E6272791B963007CAC7D /* Kingfisher in Frameworks */ = {isa = PBXBuildFile; productRef = 8B15E6262791B963007CAC7D /* Kingfisher */; };
		8B15E6442791FEF5007CAC7D /* ImageLoader.swift in Sources */ = {isa = PBXBuildFile; fileRef = 8B15E6432791FEF4007CAC7D /* ImageLoader.swift */; };
		8B15E64A27940B81007CAC7D /* Realm in Frameworks */ = {isa = PBXBuildFile; productRef = 8B15E64927940B81007CAC7D /* Realm */; };
		8B15E64C27940B81007CAC7D /* RealmSwift in Frameworks */ = {isa = PBXBuildFile; productRef = 8B15E64B27940B81007CAC7D /* RealmSwift */; };
		8B15E650279410C0007CAC7D /* WARealmManager.swift in Sources */ = {isa = PBXBuildFile; fileRef = 8B15E64F279410C0007CAC7D /* WARealmManager.swift */; };
		8B505CA42795DD9400384AA4 /* popularMovieMVVMTests.swift in Sources */ = {isa = PBXBuildFile; fileRef = 8B505CA32795DD9400384AA4 /* popularMovieMVVMTests.swift */; };
		8B505CAF2795E07100384AA4 /* movie.json in Resources */ = {isa = PBXBuildFile; fileRef = 8B505CAE2795E07100384AA4 /* movie.json */; };
		8BAAE24A2795AA9F001BA6CD /* DetailCell.swift in Sources */ = {isa = PBXBuildFile; fileRef = 8BAAE2482795AA9F001BA6CD /* DetailCell.swift */; };
		8BAAE24B2795AA9F001BA6CD /* DetailCell.xib in Resources */ = {isa = PBXBuildFile; fileRef = 8BAAE2492795AA9F001BA6CD /* DetailCell.xib */; };
/* End PBXBuildFile section */

/* Begin PBXContainerItemProxy section */
		8B505CA62795DD9400384AA4 /* PBXContainerItemProxy */ = {
			isa = PBXContainerItemProxy;
			containerPortal = 8B15E5D02791AD2F007CAC7D /* Project object */;
			proxyType = 1;
			remoteGlobalIDString = 8B15E5D72791AD2F007CAC7D;
			remoteInfo = popularMovieMVVM;
		};
/* End PBXContainerItemProxy section */

/* Begin PBXFileReference section */
		8B15E5D82791AD2F007CAC7D /* popularMovieMVVM.app */ = {isa = PBXFileReference; explicitFileType = wrapper.application; includeInIndex = 0; path = popularMovieMVVM.app; sourceTree = BUILT_PRODUCTS_DIR; };
		8B15E5DB2791AD2F007CAC7D /* AppDelegate.swift */ = {isa = PBXFileReference; lastKnownFileType = sourcecode.swift; path = AppDelegate.swift; sourceTree = "<group>"; };
		8B15E5DD2791AD2F007CAC7D /* SceneDelegate.swift */ = {isa = PBXFileReference; lastKnownFileType = sourcecode.swift; path = SceneDelegate.swift; sourceTree = "<group>"; };
		8B15E5E42791AD31007CAC7D /* Assets.xcassets */ = {isa = PBXFileReference; lastKnownFileType = folder.assetcatalog; path = Assets.xcassets; sourceTree = "<group>"; };
		8B15E5E72791AD31007CAC7D /* Base */ = {isa = PBXFileReference; lastKnownFileType = file.storyboard; name = Base; path = Base.lproj/LaunchScreen.storyboard; sourceTree = "<group>"; };
		8B15E5E92791AD31007CAC7D /* Info.plist */ = {isa = PBXFileReference; lastKnownFileType = text.plist.xml; path = Info.plist; sourceTree = "<group>"; };
		8B15E6052791B6E4007CAC7D /* MovieDetailsViewModel.swift */ = {isa = PBXFileReference; fileEncoding = 4; lastKnownFileType = sourcecode.swift; path = MovieDetailsViewModel.swift; sourceTree = "<group>"; };
		8B15E6062791B6E4007CAC7D /* MoviesListViewModel.swift */ = {isa = PBXFileReference; fileEncoding = 4; lastKnownFileType = sourcecode.swift; path = MoviesListViewModel.swift; sourceTree = "<group>"; };
		8B15E6082791B6E4007CAC7D /* MoviesListModel.swift */ = {isa = PBXFileReference; fileEncoding = 4; lastKnownFileType = sourcecode.swift; path = MoviesListModel.swift; sourceTree = "<group>"; };
		8B15E60A2791B6E4007CAC7D /* MoviesListViewController.swift */ = {isa = PBXFileReference; fileEncoding = 4; lastKnownFileType = sourcecode.swift; path = MoviesListViewController.swift; sourceTree = "<group>"; };
		8B15E60B2791B6E4007CAC7D /* MovieDetailsViewController.swift */ = {isa = PBXFileReference; fileEncoding = 4; lastKnownFileType = sourcecode.swift; path = MovieDetailsViewController.swift; sourceTree = "<group>"; };
		8B15E60C2791B6E4007CAC7D /* MovieTableViewCell.swift */ = {isa = PBXFileReference; fileEncoding = 4; lastKnownFileType = sourcecode.swift; path = MovieTableViewCell.swift; sourceTree = "<group>"; };
		8B15E60D2791B6E4007CAC7D /* MovieTableViewCell.xib */ = {isa = PBXFileReference; fileEncoding = 4; lastKnownFileType = file.xib; path = MovieTableViewCell.xib; sourceTree = "<group>"; };
		8B15E60F2791B6E4007CAC7D /* Base */ = {isa = PBXFileReference; lastKnownFileType = file.storyboard; name = Base; path = Base.lproj/Main.storyboard; sourceTree = "<group>"; };
		8B15E6192791B6FE007CAC7D /* MoviesAPI.swift */ = {isa = PBXFileReference; fileEncoding = 4; lastKnownFileType = sourcecode.swift; path = MoviesAPI.swift; sourceTree = "<group>"; };
		8B15E61A2791B6FE007CAC7D /* NetworkableProtocol.swift */ = {isa = PBXFileReference; fileEncoding = 4; lastKnownFileType = sourcecode.swift; path = NetworkableProtocol.swift; sourceTree = "<group>"; };
		8B15E61B2791B6FE007CAC7D /* NetworkManager.swift */ = {isa = PBXFileReference; fileEncoding = 4; lastKnownFileType = sourcecode.swift; path = NetworkManager.swift; sourceTree = "<group>"; };
		8B15E6202791B70E007CAC7D /* Constants.swift */ = {isa = PBXFileReference; fileEncoding = 4; lastKnownFileType = sourcecode.swift; path = Constants.swift; sourceTree = "<group>"; };
		8B15E6432791FEF4007CAC7D /* ImageLoader.swift */ = {isa = PBXFileReference; fileEncoding = 4; lastKnownFileType = sourcecode.swift; path = ImageLoader.swift; sourceTree = "<group>"; };
		8B15E64F279410C0007CAC7D /* WARealmManager.swift */ = {isa = PBXFileReference; lastKnownFileType = sourcecode.swift; path = WARealmManager.swift; sourceTree = "<group>"; };
		8B505CA12795DD9400384AA4 /* popularMovieMVVMTests.xctest */ = {isa = PBXFileReference; explicitFileType = wrapper.cfbundle; includeInIndex = 0; path = popularMovieMVVMTests.xctest; sourceTree = BUILT_PRODUCTS_DIR; };
		8B505CA32795DD9400384AA4 /* popularMovieMVVMTests.swift */ = {isa = PBXFileReference; lastKnownFileType = sourcecode.swift; path = popularMovieMVVMTests.swift; sourceTree = "<group>"; };
		8B505CA52795DD9400384AA4 /* Info.plist */ = {isa = PBXFileReference; lastKnownFileType = text.plist.xml; path = Info.plist; sourceTree = "<group>"; };
		8B505CAE2795E07100384AA4 /* movie.json */ = {isa = PBXFileReference; fileEncoding = 4; lastKnownFileType = text.json; path = movie.json; sourceTree = "<group>"; };
		8BAAE2482795AA9F001BA6CD /* DetailCell.swift */ = {isa = PBXFileReference; fileEncoding = 4; lastKnownFileType = sourcecode.swift; name = DetailCell.swift; path = popularMovieMVVM/Module/Main/View/DetailCell.swift; sourceTree = SOURCE_ROOT; };
		8BAAE2492795AA9F001BA6CD /* DetailCell.xib */ = {isa = PBXFileReference; fileEncoding = 4; lastKnownFileType = file.xib; name = DetailCell.xib; path = popularMovieMVVM/Module/Main/View/DetailCell.xib; sourceTree = SOURCE_ROOT; };
/* End PBXFileReference section */

/* Begin PBXFrameworksBuildPhase section */
		8B15E5D52791AD2F007CAC7D /* Frameworks */ = {
			isa = PBXFrameworksBuildPhase;
			buildActionMask = 2147483647;
			files = (
				8B15E64C27940B81007CAC7D /* RealmSwift in Frameworks */,
				8B15E64A27940B81007CAC7D /* Realm in Frameworks */,
				8B15E6272791B963007CAC7D /* Kingfisher in Frameworks */,
				8B15E5F72791B20C007CAC7D /* Moya in Frameworks */,
			);
			runOnlyForDeploymentPostprocessing = 0;
		};
		8B505C9E2795DD9400384AA4 /* Frameworks */ = {
			isa = PBXFrameworksBuildPhase;
			buildActionMask = 2147483647;
			files = (
			);
			runOnlyForDeploymentPostprocessing = 0;
		};
/* End PBXFrameworksBuildPhase section */

/* Begin PBXGroup section */
		8B15E5CF2791AD2F007CAC7D = {
			isa = PBXGroup;
			children = (
				8B15E5DA2791AD2F007CAC7D /* popularMovieMVVM */,
				8B505CA22795DD9400384AA4 /* popularMovieMVVMTests */,
				8B15E5D92791AD2F007CAC7D /* Products */,
			);
			sourceTree = "<group>";
		};
		8B15E5D92791AD2F007CAC7D /* Products */ = {
			isa = PBXGroup;
			children = (
				8B15E5D82791AD2F007CAC7D /* popularMovieMVVM.app */,
				8B505CA12795DD9400384AA4 /* popularMovieMVVMTests.xctest */,
			);
			name = Products;
			sourceTree = "<group>";
		};
		8B15E5DA2791AD2F007CAC7D /* popularMovieMVVM */ = {
			isa = PBXGroup;
			children = (
				8B15E6022791B4F6007CAC7D /* Module */,
				8B15E64E2794109B007CAC7D /* Manager */,
				8B15E6002791B4B7007CAC7D /* Comman */,
				8B15E5FE2791B49E007CAC7D /* Application */,
				8B15E5E42791AD31007CAC7D /* Assets.xcassets */,
				8B15E5E62791AD31007CAC7D /* LaunchScreen.storyboard */,
				8B15E5E92791AD31007CAC7D /* Info.plist */,
			);
			path = popularMovieMVVM;
			sourceTree = "<group>";
		};
		8B15E5FE2791B49E007CAC7D /* Application */ = {
			isa = PBXGroup;
			children = (
				8B15E5DB2791AD2F007CAC7D /* AppDelegate.swift */,
				8B15E5DD2791AD2F007CAC7D /* SceneDelegate.swift */,
			);
			path = Application;
			sourceTree = "<group>";
		};
		8B15E6002791B4B7007CAC7D /* Comman */ = {
			isa = PBXGroup;
			children = (
				8B15E6422791FEF4007CAC7D /* Helper */,
				8B15E6202791B70E007CAC7D /* Constants.swift */,
				8B15E6212791B70E007CAC7D /* Extension */,
			);
			path = Comman;
			sourceTree = "<group>";
		};
		8B15E6012791B4D3007CAC7D /* Services */ = {
			isa = PBXGroup;
			children = (
				8B15E6192791B6FE007CAC7D /* MoviesAPI.swift */,
				8B15E61A2791B6FE007CAC7D /* NetworkableProtocol.swift */,
				8B15E61B2791B6FE007CAC7D /* NetworkManager.swift */,
			);
			path = Services;
			sourceTree = "<group>";
		};
		8B15E6022791B4F6007CAC7D /* Module */ = {
			isa = PBXGroup;
			children = (
				8B15E6032791B6E4007CAC7D /* Main */,
			);
			path = Module;
			sourceTree = "<group>";
		};
		8B15E6032791B6E4007CAC7D /* Main */ = {
			isa = PBXGroup;
			children = (
				8B15E6042791B6E4007CAC7D /* ViewModel */,
				8B15E6072791B6E4007CAC7D /* Model */,
				8B15E6092791B6E4007CAC7D /* View */,
			);
			path = Main;
			sourceTree = "<group>";
		};
		8B15E6042791B6E4007CAC7D /* ViewModel */ = {
			isa = PBXGroup;
			children = (
				8B15E6052791B6E4007CAC7D /* MovieDetailsViewModel.swift */,
				8B15E6062791B6E4007CAC7D /* MoviesListViewModel.swift */,
			);
			path = ViewModel;
			sourceTree = "<group>";
		};
		8B15E6072791B6E4007CAC7D /* Model */ = {
			isa = PBXGroup;
			children = (
				8B15E6082791B6E4007CAC7D /* MoviesListModel.swift */,
			);
			path = Model;
			sourceTree = "<group>";
		};
		8B15E6092791B6E4007CAC7D /* View */ = {
			isa = PBXGroup;
			children = (
				8BAAE2472795AA7B001BA6CD /* customeCells */,
				8B15E60A2791B6E4007CAC7D /* MoviesListViewController.swift */,
				8B15E60B2791B6E4007CAC7D /* MovieDetailsViewController.swift */,
				8B15E60E2791B6E4007CAC7D /* Main.storyboard */,
			);
			path = View;
			sourceTree = "<group>";
		};
		8B15E6212791B70E007CAC7D /* Extension */ = {
			isa = PBXGroup;
			children = (
			);
			path = Extension;
			sourceTree = "<group>";
		};
		8B15E6422791FEF4007CAC7D /* Helper */ = {
			isa = PBXGroup;
			children = (
				8B15E6432791FEF4007CAC7D /* ImageLoader.swift */,
			);
			path = Helper;
			sourceTree = "<group>";
		};
		8B15E64E2794109B007CAC7D /* Manager */ = {
			isa = PBXGroup;
			children = (
				8B15E6012791B4D3007CAC7D /* Services */,
				8B15E64F279410C0007CAC7D /* WARealmManager.swift */,
			);
			path = Manager;
			sourceTree = "<group>";
		};
		8B505CA22795DD9400384AA4 /* popularMovieMVVMTests */ = {
			isa = PBXGroup;
			children = (
				8B505CAD2795E07100384AA4 /* Resources */,
				8B505CA32795DD9400384AA4 /* popularMovieMVVMTests.swift */,
				8B505CA52795DD9400384AA4 /* Info.plist */,
			);
			path = popularMovieMVVMTests;
			sourceTree = "<group>";
		};
		8B505CAD2795E07100384AA4 /* Resources */ = {
			isa = PBXGroup;
			children = (
				8B505CAE2795E07100384AA4 /* movie.json */,
			);
			path = Resources;
			sourceTree = "<group>";
		};
		8BAAE2472795AA7B001BA6CD /* customeCells */ = {
			isa = PBXGroup;
			children = (
				8BAAE2482795AA9F001BA6CD /* DetailCell.swift */,
				8BAAE2492795AA9F001BA6CD /* DetailCell.xib */,
				8B15E60C2791B6E4007CAC7D /* MovieTableViewCell.swift */,
				8B15E60D2791B6E4007CAC7D /* MovieTableViewCell.xib */,
			);
			path = customeCells;
			sourceTree = "<group>";
		};
/* End PBXGroup section */

/* Begin PBXNativeTarget section */
		8B15E5D72791AD2F007CAC7D /* popularMovieMVVM */ = {
			isa = PBXNativeTarget;
			buildConfigurationList = 8B15E5EC2791AD31007CAC7D /* Build configuration list for PBXNativeTarget "popularMovieMVVM" */;
			buildPhases = (
				8B15E5D42791AD2F007CAC7D /* Sources */,
				8B15E5D52791AD2F007CAC7D /* Frameworks */,
				8B15E5D62791AD2F007CAC7D /* Resources */,
			);
			buildRules = (
			);
			dependencies = (
			);
			name = popularMovieMVVM;
			packageProductDependencies = (
				8B15E5F62791B20C007CAC7D /* Moya */,
				8B15E6262791B963007CAC7D /* Kingfisher */,
				8B15E64927940B81007CAC7D /* Realm */,
				8B15E64B27940B81007CAC7D /* RealmSwift */,
			);
			productName = popularMovieMVVM;
			productReference = 8B15E5D82791AD2F007CAC7D /* popularMovieMVVM.app */;
			productType = "com.apple.product-type.application";
		};
		8B505CA02795DD9400384AA4 /* popularMovieMVVMTests */ = {
			isa = PBXNativeTarget;
			buildConfigurationList = 8B505CAA2795DD9400384AA4 /* Build configuration list for PBXNativeTarget "popularMovieMVVMTests" */;
			buildPhases = (
				8B505C9D2795DD9400384AA4 /* Sources */,
				8B505C9E2795DD9400384AA4 /* Frameworks */,
				8B505C9F2795DD9400384AA4 /* Resources */,
			);
			buildRules = (
			);
			dependencies = (
				8B505CA72795DD9400384AA4 /* PBXTargetDependency */,
			);
			name = popularMovieMVVMTests;
			productName = popularMovieMVVMTests;
			productReference = 8B505CA12795DD9400384AA4 /* popularMovieMVVMTests.xctest */;
			productType = "com.apple.product-type.bundle.unit-test";
		};
/* End PBXNativeTarget section */

/* Begin PBXProject section */
		8B15E5D02791AD2F007CAC7D /* Project object */ = {
			isa = PBXProject;
			attributes = {
				LastSwiftUpdateCheck = 1240;
				LastUpgradeCheck = 1240;
				TargetAttributes = {
					8B15E5D72791AD2F007CAC7D = {
						CreatedOnToolsVersion = 12.4;
					};
					8B505CA02795DD9400384AA4 = {
						CreatedOnToolsVersion = 12.4;
						TestTargetID = 8B15E5D72791AD2F007CAC7D;
					};
				};
			};
			buildConfigurationList = 8B15E5D32791AD2F007CAC7D /* Build configuration list for PBXProject "popularMovieMVVM" */;
			compatibilityVersion = "Xcode 9.3";
			developmentRegion = en;
			hasScannedForEncodings = 0;
			knownRegions = (
				en,
				Base,
			);
			mainGroup = 8B15E5CF2791AD2F007CAC7D;
			packageReferences = (
				8B15E5F52791B20C007CAC7D /* XCRemoteSwiftPackageReference "Moya" */,
				8B15E6252791B963007CAC7D /* XCRemoteSwiftPackageReference "Kingfisher" */,
				8B15E64827940B81007CAC7D /* XCRemoteSwiftPackageReference "realm-swift" */,
			);
			productRefGroup = 8B15E5D92791AD2F007CAC7D /* Products */;
			projectDirPath = "";
			projectRoot = "";
			targets = (
				8B15E5D72791AD2F007CAC7D /* popularMovieMVVM */,
				8B505CA02795DD9400384AA4 /* popularMovieMVVMTests */,
			);
		};
/* End PBXProject section */

/* Begin PBXResourcesBuildPhase section */
		8B15E5D62791AD2F007CAC7D /* Resources */ = {
			isa = PBXResourcesBuildPhase;
			buildActionMask = 2147483647;
			files = (
				8B15E6162791B6E4007CAC7D /* MovieTableViewCell.xib in Resources */,
				8B15E6172791B6E4007CAC7D /* Main.storyboard in Resources */,
				8B15E5E82791AD31007CAC7D /* LaunchScreen.storyboard in Resources */,
				8B15E5E52791AD31007CAC7D /* Assets.xcassets in Resources */,
				8BAAE24B2795AA9F001BA6CD /* DetailCell.xib in Resources */,
			);
			runOnlyForDeploymentPostprocessing = 0;
		};
		8B505C9F2795DD9400384AA4 /* Resources */ = {
			isa = PBXResourcesBuildPhase;
			buildActionMask = 2147483647;
			files = (
				8B505CAF2795E07100384AA4 /* movie.json in Resources */,
			);
			runOnlyForDeploymentPostprocessing = 0;
		};
/* End PBXResourcesBuildPhase section */

/* Begin PBXSourcesBuildPhase section */
		8B15E5D42791AD2F007CAC7D /* Sources */ = {
			isa = PBXSourcesBuildPhase;
			buildActionMask = 2147483647;
			files = (
				8B15E61E2791B6FE007CAC7D /* NetworkManager.swift in Sources */,
				8B15E6112791B6E4007CAC7D /* MoviesListViewModel.swift in Sources */,
				8B15E6152791B6E4007CAC7D /* MovieTableViewCell.swift in Sources */,
				8B15E5DC2791AD2F007CAC7D /* AppDelegate.swift in Sources */,
				8B15E6102791B6E4007CAC7D /* MovieDetailsViewModel.swift in Sources */,
				8BAAE24A2795AA9F001BA6CD /* DetailCell.swift in Sources */,
				8B15E6122791B6E4007CAC7D /* MoviesListModel.swift in Sources */,
				8B15E6222791B70E007CAC7D /* Constants.swift in Sources */,
				8B15E61D2791B6FE007CAC7D /* NetworkableProtocol.swift in Sources */,
				8B15E5DE2791AD2F007CAC7D /* SceneDelegate.swift in Sources */,
				8B15E650279410C0007CAC7D /* WARealmManager.swift in Sources */,
				8B15E61C2791B6FE007CAC7D /* MoviesAPI.swift in Sources */,
				8B15E6142791B6E4007CAC7D /* MovieDetailsViewController.swift in Sources */,
				8B15E6132791B6E4007CAC7D /* MoviesListViewController.swift in Sources */,
				8B15E6442791FEF5007CAC7D /* ImageLoader.swift in Sources */,
			);
			runOnlyForDeploymentPostprocessing = 0;
		};
		8B505C9D2795DD9400384AA4 /* Sources */ = {
			isa = PBXSourcesBuildPhase;
			buildActionMask = 2147483647;
			files = (
				8B505CA42795DD9400384AA4 /* popularMovieMVVMTests.swift in Sources */,
			);
			runOnlyForDeploymentPostprocessing = 0;
		};
/* End PBXSourcesBuildPhase section */

/* Begin PBXTargetDependency section */
		8B505CA72795DD9400384AA4 /* PBXTargetDependency */ = {
			isa = PBXTargetDependency;
			target = 8B15E5D72791AD2F007CAC7D /* popularMovieMVVM */;
			targetProxy = 8B505CA62795DD9400384AA4 /* PBXContainerItemProxy */;
		};
/* End PBXTargetDependency section */

/* Begin PBXVariantGroup section */
		8B15E5E62791AD31007CAC7D /* LaunchScreen.storyboard */ = {
			isa = PBXVariantGroup;
			children = (
				8B15E5E72791AD31007CAC7D /* Base */,
			);
			name = LaunchScreen.storyboard;
			sourceTree = "<group>";
		};
		8B15E60E2791B6E4007CAC7D /* Main.storyboard */ = {
			isa = PBXVariantGroup;
			children = (
				8B15E60F2791B6E4007CAC7D /* Base */,
			);
			name = Main.storyboard;
			sourceTree = "<group>";
		};
/* End PBXVariantGroup section */

/* Begin XCBuildConfiguration section */
		8B15E5EA2791AD31007CAC7D /* Debug */ = {
			isa = XCBuildConfiguration;
			buildSettings = {
				ALWAYS_SEARCH_USER_PATHS = NO;
				CLANG_ANALYZER_NONNULL = YES;
				CLANG_ANALYZER_NUMBER_OBJECT_CONVERSION = YES_AGGRESSIVE;
				CLANG_CXX_LANGUAGE_STANDARD = "gnu++14";
				CLANG_CXX_LIBRARY = "libc++";
				CLANG_ENABLE_MODULES = YES;
				CLANG_ENABLE_OBJC_ARC = YES;
				CLANG_ENABLE_OBJC_WEAK = YES;
				CLANG_WARN_BLOCK_CAPTURE_AUTORELEASING = YES;
				CLANG_WARN_BOOL_CONVERSION = YES;
				CLANG_WARN_COMMA = YES;
				CLANG_WARN_CONSTANT_CONVERSION = YES;
				CLANG_WARN_DEPRECATED_OBJC_IMPLEMENTATIONS = YES;
				CLANG_WARN_DIRECT_OBJC_ISA_USAGE = YES_ERROR;
				CLANG_WARN_DOCUMENTATION_COMMENTS = YES;
				CLANG_WARN_EMPTY_BODY = YES;
				CLANG_WARN_ENUM_CONVERSION = YES;
				CLANG_WARN_INFINITE_RECURSION = YES;
				CLANG_WARN_INT_CONVERSION = YES;
				CLANG_WARN_NON_LITERAL_NULL_CONVERSION = YES;
				CLANG_WARN_OBJC_IMPLICIT_RETAIN_SELF = YES;
				CLANG_WARN_OBJC_LITERAL_CONVERSION = YES;
				CLANG_WARN_OBJC_ROOT_CLASS = YES_ERROR;
				CLANG_WARN_QUOTED_INCLUDE_IN_FRAMEWORK_HEADER = YES;
				CLANG_WARN_RANGE_LOOP_ANALYSIS = YES;
				CLANG_WARN_STRICT_PROTOTYPES = YES;
				CLANG_WARN_SUSPICIOUS_MOVE = YES;
				CLANG_WARN_UNGUARDED_AVAILABILITY = YES_AGGRESSIVE;
				CLANG_WARN_UNREACHABLE_CODE = YES;
				CLANG_WARN__DUPLICATE_METHOD_MATCH = YES;
				COPY_PHASE_STRIP = NO;
				DEBUG_INFORMATION_FORMAT = dwarf;
				ENABLE_STRICT_OBJC_MSGSEND = YES;
				ENABLE_TESTABILITY = YES;
				GCC_C_LANGUAGE_STANDARD = gnu11;
				GCC_DYNAMIC_NO_PIC = NO;
				GCC_NO_COMMON_BLOCKS = YES;
				GCC_OPTIMIZATION_LEVEL = 0;
				GCC_PREPROCESSOR_DEFINITIONS = (
					"DEBUG=1",
					"$(inherited)",
				);
				GCC_WARN_64_TO_32_BIT_CONVERSION = YES;
				GCC_WARN_ABOUT_RETURN_TYPE = YES_ERROR;
				GCC_WARN_UNDECLARED_SELECTOR = YES;
				GCC_WARN_UNINITIALIZED_AUTOS = YES_AGGRESSIVE;
				GCC_WARN_UNUSED_FUNCTION = YES;
				GCC_WARN_UNUSED_VARIABLE = YES;
				IPHONEOS_DEPLOYMENT_TARGET = 14.4;
				MTL_ENABLE_DEBUG_INFO = INCLUDE_SOURCE;
				MTL_FAST_MATH = YES;
				ONLY_ACTIVE_ARCH = YES;
				SDKROOT = iphoneos;
				SWIFT_ACTIVE_COMPILATION_CONDITIONS = DEBUG;
				SWIFT_OPTIMIZATION_LEVEL = "-Onone";
			};
			name = Debug;
		};
		8B15E5EB2791AD31007CAC7D /* Release */ = {
			isa = XCBuildConfiguration;
			buildSettings = {
				ALWAYS_SEARCH_USER_PATHS = NO;
				CLANG_ANALYZER_NONNULL = YES;
				CLANG_ANALYZER_NUMBER_OBJECT_CONVERSION = YES_AGGRESSIVE;
				CLANG_CXX_LANGUAGE_STANDARD = "gnu++14";
				CLANG_CXX_LIBRARY = "libc++";
				CLANG_ENABLE_MODULES = YES;
				CLANG_ENABLE_OBJC_ARC = YES;
				CLANG_ENABLE_OBJC_WEAK = YES;
				CLANG_WARN_BLOCK_CAPTURE_AUTORELEASING = YES;
				CLANG_WARN_BOOL_CONVERSION = YES;
				CLANG_WARN_COMMA = YES;
				CLANG_WARN_CONSTANT_CONVERSION = YES;
				CLANG_WARN_DEPRECATED_OBJC_IMPLEMENTATIONS = YES;
				CLANG_WARN_DIRECT_OBJC_ISA_USAGE = YES_ERROR;
				CLANG_WARN_DOCUMENTATION_COMMENTS = YES;
				CLANG_WARN_EMPTY_BODY = YES;
				CLANG_WARN_ENUM_CONVERSION = YES;
				CLANG_WARN_INFINITE_RECURSION = YES;
				CLANG_WARN_INT_CONVERSION = YES;
				CLANG_WARN_NON_LITERAL_NULL_CONVERSION = YES;
				CLANG_WARN_OBJC_IMPLICIT_RETAIN_SELF = YES;
				CLANG_WARN_OBJC_LITERAL_CONVERSION = YES;
				CLANG_WARN_OBJC_ROOT_CLASS = YES_ERROR;
				CLANG_WARN_QUOTED_INCLUDE_IN_FRAMEWORK_HEADER = YES;
				CLANG_WARN_RANGE_LOOP_ANALYSIS = YES;
				CLANG_WARN_STRICT_PROTOTYPES = YES;
				CLANG_WARN_SUSPICIOUS_MOVE = YES;
				CLANG_WARN_UNGUARDED_AVAILABILITY = YES_AGGRESSIVE;
				CLANG_WARN_UNREACHABLE_CODE = YES;
				CLANG_WARN__DUPLICATE_METHOD_MATCH = YES;
				COPY_PHASE_STRIP = NO;
				DEBUG_INFORMATION_FORMAT = "dwarf-with-dsym";
				ENABLE_NS_ASSERTIONS = NO;
				ENABLE_STRICT_OBJC_MSGSEND = YES;
				GCC_C_LANGUAGE_STANDARD = gnu11;
				GCC_NO_COMMON_BLOCKS = YES;
				GCC_WARN_64_TO_32_BIT_CONVERSION = YES;
				GCC_WARN_ABOUT_RETURN_TYPE = YES_ERROR;
				GCC_WARN_UNDECLARED_SELECTOR = YES;
				GCC_WARN_UNINITIALIZED_AUTOS = YES_AGGRESSIVE;
				GCC_WARN_UNUSED_FUNCTION = YES;
				GCC_WARN_UNUSED_VARIABLE = YES;
				IPHONEOS_DEPLOYMENT_TARGET = 14.4;
				MTL_ENABLE_DEBUG_INFO = NO;
				MTL_FAST_MATH = YES;
				SDKROOT = iphoneos;
				SWIFT_COMPILATION_MODE = wholemodule;
				SWIFT_OPTIMIZATION_LEVEL = "-O";
				VALIDATE_PRODUCT = YES;
			};
			name = Release;
		};
		8B15E5ED2791AD31007CAC7D /* Debug */ = {
			isa = XCBuildConfiguration;
			buildSettings = {
				ASSETCATALOG_COMPILER_APPICON_NAME = AppIcon;
				ASSETCATALOG_COMPILER_GLOBAL_ACCENT_COLOR_NAME = AccentColor;
				CODE_SIGN_STYLE = Automatic;
				DEVELOPMENT_TEAM = 5544KZSUP9;
				INFOPLIST_FILE = popularMovieMVVM/Info.plist;
				LD_RUNPATH_SEARCH_PATHS = (
					"$(inherited)",
					"@executable_path/Frameworks",
				);
				PRODUCT_BUNDLE_IDENTIFIER = com.Tayseer.popularMovieMVVM;
				PRODUCT_NAME = "$(TARGET_NAME)";
				SWIFT_VERSION = 5.0;
				TARGETED_DEVICE_FAMILY = "1,2";
			};
			name = Debug;
		};
		8B15E5EE2791AD31007CAC7D /* Release */ = {
			isa = XCBuildConfiguration;
			buildSettings = {
				ASSETCATALOG_COMPILER_APPICON_NAME = AppIcon;
				ASSETCATALOG_COMPILER_GLOBAL_ACCENT_COLOR_NAME = AccentColor;
				CODE_SIGN_STYLE = Automatic;
				DEVELOPMENT_TEAM = 5544KZSUP9;
				INFOPLIST_FILE = popularMovieMVVM/Info.plist;
				LD_RUNPATH_SEARCH_PATHS = (
					"$(inherited)",
					"@executable_path/Frameworks",
				);
				PRODUCT_BUNDLE_IDENTIFIER = com.Tayseer.popularMovieMVVM;
				PRODUCT_NAME = "$(TARGET_NAME)";
				SWIFT_VERSION = 5.0;
				TARGETED_DEVICE_FAMILY = "1,2";
			};
			name = Release;
		};
		8B505CA82795DD9400384AA4 /* Debug */ = {
			isa = XCBuildConfiguration;
			buildSettings = {
				BUNDLE_LOADER = "$(TEST_HOST)";
				CODE_SIGN_STYLE = Automatic;
				DEVELOPMENT_TEAM = 5544KZSUP9;
				INFOPLIST_FILE = popularMovieMVVMTests/Info.plist;
				LD_RUNPATH_SEARCH_PATHS = (
					"$(inherited)",
					"@executable_path/Frameworks",
					"@loader_path/Frameworks",
				);
				PRODUCT_BUNDLE_IDENTIFIER = com.Tayseer.popularMovieMVVMTests;
				PRODUCT_NAME = "$(TARGET_NAME)";
				SWIFT_VERSION = 5.0;
				TARGETED_DEVICE_FAMILY = "1,2";
				TEST_HOST = "$(BUILT_PRODUCTS_DIR)/popularMovieMVVM.app/popularMovieMVVM";
			};
			name = Debug;
		};
		8B505CA92795DD9400384AA4 /* Release */ = {
			isa = XCBuildConfiguration;
			buildSettings = {
				BUNDLE_LOADER = "$(TEST_HOST)";
				CODE_SIGN_STYLE = Automatic;
				DEVELOPMENT_TEAM = 5544KZSUP9;
				INFOPLIST_FILE = popularMovieMVVMTests/Info.plist;
				LD_RUNPATH_SEARCH_PATHS = (
					"$(inherited)",
					"@executable_path/Frameworks",
					"@loader_path/Frameworks",
				);
				PRODUCT_BUNDLE_IDENTIFIER = com.Tayseer.popularMovieMVVMTests;
				PRODUCT_NAME = "$(TARGET_NAME)";
				SWIFT_VERSION = 5.0;
				TARGETED_DEVICE_FAMILY = "1,2";
				TEST_HOST = "$(BUILT_PRODUCTS_DIR)/popularMovieMVVM.app/popularMovieMVVM";
			};
			name = Release;
		};
/* End XCBuildConfiguration section */

/* Begin XCConfigurationList section */
		8B15E5D32791AD2F007CAC7D /* Build configuration list for PBXProject "popularMovieMVVM" */ = {
			isa = XCConfigurationList;
			buildConfigurations = (
				8B15E5EA2791AD31007CAC7D /* Debug */,
				8B15E5EB2791AD31007CAC7D /* Release */,
			);
			defaultConfigurationIsVisible = 0;
			defaultConfigurationName = Release;
		};
		8B15E5EC2791AD31007CAC7D /* Build configuration list for PBXNativeTarget "popularMovieMVVM" */ = {
			isa = XCConfigurationList;
			buildConfigurations = (
				8B15E5ED2791AD31007CAC7D /* Debug */,
				8B15E5EE2791AD31007CAC7D /* Release */,
			);
			defaultConfigurationIsVisible = 0;
			defaultConfigurationName = Release;
		};
		8B505CAA2795DD9400384AA4 /* Build configuration list for PBXNativeTarget "popularMovieMVVMTests" */ = {
			isa = XCConfigurationList;
			buildConfigurations = (
				8B505CA82795DD9400384AA4 /* Debug */,
				8B505CA92795DD9400384AA4 /* Release */,
			);
			defaultConfigurationIsVisible = 0;
			defaultConfigurationName = Release;
		};
/* End XCConfigurationList section */

/* Begin XCRemoteSwiftPackageReference section */
		8B15E5F52791B20C007CAC7D /* XCRemoteSwiftPackageReference "Moya" */ = {
			isa = XCRemoteSwiftPackageReference;
			repositoryURL = "https://github.com/Moya/Moya.git";
			requirement = {
				kind = upToNextMajorVersion;
				minimumVersion = 15.0.0;
			};
		};
		8B15E6252791B963007CAC7D /* XCRemoteSwiftPackageReference "Kingfisher" */ = {
			isa = XCRemoteSwiftPackageReference;
			repositoryURL = "https://github.com/onevcat/Kingfisher.git";
			requirement = {
				kind = upToNextMajorVersion;
				minimumVersion = 7.0.0;
			};
		};
		8B15E64827940B81007CAC7D /* XCRemoteSwiftPackageReference "realm-swift" */ = {
			isa = XCRemoteSwiftPackageReference;
			repositoryURL = "https://github.com/realm/realm-swift.git";
			requirement = {
				kind = upToNextMajorVersion;
				minimumVersion = 10.21.1;
			};
		};
/* End XCRemoteSwiftPackageReference section */

/* Begin XCSwiftPackageProductDependency section */
		8B15E5F62791B20C007CAC7D /* Moya */ = {
			isa = XCSwiftPackageProductDependency;
			package = 8B15E5F52791B20C007CAC7D /* XCRemoteSwiftPackageReference "Moya" */;
			productName = Moya;
		};
		8B15E6262791B963007CAC7D /* Kingfisher */ = {
			isa = XCSwiftPackageProductDependency;
			package = 8B15E6252791B963007CAC7D /* XCRemoteSwiftPackageReference "Kingfisher" */;
			productName = Kingfisher;
		};
		8B15E64927940B81007CAC7D /* Realm */ = {
			isa = XCSwiftPackageProductDependency;
			package = 8B15E64827940B81007CAC7D /* XCRemoteSwiftPackageReference "realm-swift" */;
			productName = Realm;
		};
		8B15E64B27940B81007CAC7D /* RealmSwift */ = {
			isa = XCSwiftPackageProductDependency;
			package = 8B15E64827940B81007CAC7D /* XCRemoteSwiftPackageReference "realm-swift" */;
			productName = RealmSwift;
		};
/* End XCSwiftPackageProductDependency section */
	};
	rootObject = 8B15E5D02791AD2F007CAC7D /* Project object */;
}
